{
  "nodes": {
    "import-tree": {
      "locked": {
        "lastModified": 1745565707,
        "narHash": "sha256-ccFeWWQ9RLgCd1k+xwV/ASUkJ7AGTTaGDhlRWZgytxY=",
        "owner": "vic",
        "repo": "import-tree",
        "rev": "ed504db425c363b13f13d5ca52f1a2600c4a7703",
        "type": "github"
      },
      "original": {
        "owner": "vic",
        "repo": "import-tree",
        "type": "github"
      }
    },
    "root": {
      "inputs": {
        "import-tree": "import-tree"
      }
    }
  },
  "root": "root",
  "version": 7
}
